
Microsoft Visual Studio Solution File, Format Version 12.00
# Visual Studio Version 17
VisualStudioVersion = 17.9.34616.47
MinimumVisualStudioVersion = 10.0.40219.1
Project("{FAE04EC0-301F-11D3-BF4B-00C04F79EFBC}") = "MvcMovie", "MvcMovie\MvcMovie.csproj", "{277D7DD5-8872-408A-895A-74496E66CB20}"
EndProject
Global
	GlobalSection(SolutionConfigurationPlatforms) = preSolution
		Debug|Any CPU = Debug|Any CPU
		Release|Any CPU = Release|Any CPU
	EndGlobalSection
	GlobalSection(ProjectConfigurationPlatforms) = postSolution
		{277D7DD5-8872-408A-895A-74496E66CB20}.Debug|Any CPU.ActiveCfg = Debug|Any CPU
		{277D7DD5-8872-408A-895A-74496E66CB20}.Debug|Any CPU.Build.0 = Debug|Any CPU
		{277D7DD5-8872-408A-895A-74496E66CB20}.Release|Any CPU.ActiveCfg = Release|Any CPU
		{277D7DD5-8872-408A-895A-74496E66CB20}.Release|Any CPU.Build.0 = Release|Any CPU
	EndGlobalSection
	GlobalSection(SolutionProperties) = preSolution
		HideSolutionNode = FALSE
	EndGlobalSection
	GlobalSection(ExtensibilityGlobals) = postSolution
		SolutionGuid = {1E46A7E5-A95F-418B-80B4-B2BE7AE66758}
	EndGlobalSection
EndGlobal
